
Microsoft Visual Studio Solution File, Format Version 12.00
# Visual Studio Version 16
VisualStudioVersion = 16.0.30611.23
MinimumVisualStudioVersion = 10.0.40219.1
Project("{FAE04EC0-301F-11D3-BF4B-00C04F79EFBC}") = "OneApp", "OneApp\OneApp.csproj", "{49ECD88D-FC95-4844-9CEE-BAB6E2BBC9EB}"
EndProject
Global
	GlobalSection(SolutionConfigurationPlatforms) = preSolution
		Debug|Any CPU = Debug|Any CPU
		Release|Any CPU = Release|Any CPU
	EndGlobalSection
	GlobalSection(ProjectConfigurationPlatforms) = postSolution
		{49ECD88D-FC95-4844-9CEE-BAB6E2BBC9EB}.Debug|Any CPU.ActiveCfg = Debug|Any CPU
		{49ECD88D-FC95-4844-9CEE-BAB6E2BBC9EB}.Debug|Any CPU.Build.0 = Debug|Any CPU
		{49ECD88D-FC95-4844-9CEE-BAB6E2BBC9EB}.Release|Any CPU.ActiveCfg = Release|Any CPU
		{49ECD88D-FC95-4844-9CEE-BAB6E2BBC9EB}.Release|Any CPU.Build.0 = Release|Any CPU
	EndGlobalSection
	GlobalSection(SolutionProperties) = preSolution
		HideSolutionNode = FALSE
	EndGlobalSection
	GlobalSection(ExtensibilityGlobals) = postSolution
		SolutionGuid = {AFCF4320-1755-4583-B8A3-0B483578BD11}
	EndGlobalSection
EndGlobal
